
Microsoft Visual Studio Solution File, Format Version 12.00
# Visual Studio Version 17
VisualStudioVersion = 17.11.35312.102
MinimumVisualStudioVersion = 10.0.40219.1
Project("{9A19103F-16F7-4668-BE54-9A1E7A4F7556}") = "ProyectoVie", "ProyectoVie.csproj", "{838884E8-97E7-4A99-994C-F7E8B2C189A8}"
EndProject
Global
	GlobalSection(SolutionConfigurationPlatforms) = preSolution
		Debug|Any CPU = Debug|Any CPU
		Release|Any CPU = Release|Any CPU
	EndGlobalSection
	GlobalSection(ProjectConfigurationPlatforms) = postSolution
		{838884E8-97E7-4A99-994C-F7E8B2C189A8}.Debug|Any CPU.ActiveCfg = Debug|Any CPU
		{838884E8-97E7-4A99-994C-F7E8B2C189A8}.Debug|Any CPU.Build.0 = Debug|Any CPU
		{838884E8-97E7-4A99-994C-F7E8B2C189A8}.Release|Any CPU.ActiveCfg = Release|Any CPU
		{838884E8-97E7-4A99-994C-F7E8B2C189A8}.Release|Any CPU.Build.0 = Release|Any CPU
	EndGlobalSection
	GlobalSection(SolutionProperties) = preSolution
		HideSolutionNode = FALSE
	EndGlobalSection
	GlobalSection(ExtensibilityGlobals) = postSolution
		SolutionGuid = {D294017C-F583-48A1-936D-B875D4A2523D}
	EndGlobalSection
EndGlobal
